
Microsoft Visual Studio Solution File, Format Version 12.00
# Visual Studio 14
VisualStudioVersion = 14.0.25420.1
MinimumVisualStudioVersion = 10.0.40219.1
Project("{FAE04EC0-301F-11D3-BF4B-00C04F79EFBC}") = "AopSugar", "AopSugar\AopSugar.csproj", "{38DE5517-2084-4F44-9876-A028E483428C}"
EndProject
Project("{FAE04EC0-301F-11D3-BF4B-00C04F79EFBC}") = "AopTest", "AopTest\AopTest.csproj", "{33F6EF7D-3BD0-4B5A-A84F-1BC7E69384A3}"
EndProject
Global
	GlobalSection(SolutionConfigurationPlatforms) = preSolution
		Debug|Any CPU = Debug|Any CPU
		Release|Any CPU = Release|Any CPU
	EndGlobalSection
	GlobalSection(ProjectConfigurationPlatforms) = postSolution
		{38DE5517-2084-4F44-9876-A028E483428C}.Debug|Any CPU.ActiveCfg = Debug|Any CPU
		{38DE5517-2084-4F44-9876-A028E483428C}.Debug|Any CPU.Build.0 = Debug|Any CPU
		{38DE5517-2084-4F44-9876-A028E483428C}.Release|Any CPU.ActiveCfg = Release|Any CPU
		{38DE5517-2084-4F44-9876-A028E483428C}.Release|Any CPU.Build.0 = Release|Any CPU
		{33F6EF7D-3BD0-4B5A-A84F-1BC7E69384A3}.Debug|Any CPU.ActiveCfg = Debug|Any CPU
		{33F6EF7D-3BD0-4B5A-A84F-1BC7E69384A3}.Debug|Any CPU.Build.0 = Debug|Any CPU
		{33F6EF7D-3BD0-4B5A-A84F-1BC7E69384A3}.Release|Any CPU.ActiveCfg = Release|Any CPU
		{33F6EF7D-3BD0-4B5A-A84F-1BC7E69384A3}.Release|Any CPU.Build.0 = Release|Any CPU
	EndGlobalSection
	GlobalSection(SolutionProperties) = preSolution
		HideSolutionNode = FALSE
	EndGlobalSection
EndGlobal
